{
  "name": "gh-action-lambda",
  "version": "1.0.0",
  "lockfileVersion": 2,
  "requires": true,
  "packages": {
    "": {
      "name": "gh-action-lambda",
      "version": "1.0.0",
      "license": "ISC",
      "dependencies": {
        "lodash": "^4.17.21",
        "typescript": "^4.8.4"
      },
      "devDependencies": {
        "@types/aws-lambda": "^8.10.108",
        "@types/lodash": "^4.14.188",
        "@types/node": "^18.11.9",
        "@vercel/ncc": "^0.34.0"
      }
    },
    "node_modules/@types/aws-lambda": {
      "version": "8.10.108",
      "resolved": "https://registry.npmjs.org/@types/aws-lambda/-/aws-lambda-8.10.108.tgz",
      "integrity": "sha512-1yh1W1WoqK3lGHy+V/Fi55zobxrDHUUsluCWdMlOXkCvtsCmHPXOG+CQ2STIL4B1g6xi6I6XzxaF8V9+zeIFLA==",
      "dev": true
    },
    "node_modules/@types/lodash": {
      "version": "4.14.188",
      "resolved": "https://registry.npmjs.org/@types/lodash/-/lodash-4.14.188.tgz",
      "integrity": "sha512-zmEmF5OIM3rb7SbLCFYoQhO4dGt2FRM9AMkxvA3LaADOF1n8in/zGJlWji9fmafLoNyz+FoL6FE0SLtGIArD7w==",
      "dev": true
    },
    "node_modules/@types/node": {
      "version": "18.11.9",
      "resolved": "https://registry.npmjs.org/@types/node/-/node-18.11.9.tgz",
      "integrity": "sha512-CRpX21/kGdzjOpFsZSkcrXMGIBWMGNIHXXBVFSH+ggkftxg+XYP20TESbh+zFvFj3EQOl5byk0HTRn1IL6hbqg==",
      "dev": true
    },
    "node_modules/@vercel/ncc": {
      "version": "0.34.0",
      "resolved": "https://registry.npmjs.org/@vercel/ncc/-/ncc-0.34.0.tgz",
      "integrity": "sha512-G9h5ZLBJ/V57Ou9vz5hI8pda/YQX5HQszCs3AmIus3XzsmRn/0Ptic5otD3xVST8QLKk7AMk7AqpsyQGN7MZ9A==",
      "dev": true,
      "bin": {
        "ncc": "dist/ncc/cli.js"
      }
    },
    "node_modules/lodash": {
      "version": "4.17.21",
      "resolved": "https://registry.npmjs.org/lodash/-/lodash-4.17.21.tgz",
      "integrity": "sha512-v2kDEe57lecTulaDIuNTPy3Ry4gLGJ6Z1O3vE1krgXZNrsQ+LFTGHVxVjcXPs17LhbZVGedAJv8XZ1tvj5FvSg=="
    },
    "node_modules/typescript": {
      "version": "4.8.4",
      "resolved": "https://registry.npmjs.org/typescript/-/typescript-4.8.4.tgz",
      "integrity": "sha512-QCh+85mCy+h0IGff8r5XWzOVSbBO+KfeYrMQh7NJ58QujwcE22u+NUSmUxqF+un70P9GXKxa2HCNiTTMJknyjQ==",
      "bin": {
        "tsc": "bin/tsc",
        "tsserver": "bin/tsserver"
      },
      "engines": {
        "node": ">=4.2.0"
      }
    }
  },
  "dependencies": {
    "@types/aws-lambda": {
      "version": "8.10.108",
      "resolved": "https://registry.npmjs.org/@types/aws-lambda/-/aws-lambda-8.10.108.tgz",
      "integrity": "sha512-1yh1W1WoqK3lGHy+V/Fi55zobxrDHUUsluCWdMlOXkCvtsCmHPXOG+CQ2STIL4B1g6xi6I6XzxaF8V9+zeIFLA==",
      "dev": true
    },
    "@types/lodash": {
      "version": "4.14.188",
      "resolved": "https://registry.npmjs.org/@types/lodash/-/lodash-4.14.188.tgz",
      "integrity": "sha512-zmEmF5OIM3rb7SbLCFYoQhO4dGt2FRM9AMkxvA3LaADOF1n8in/zGJlWji9fmafLoNyz+FoL6FE0SLtGIArD7w==",
      "dev": true
    },
    "@types/node": {
      "version": "18.11.9",
      "resolved": "https://registry.npmjs.org/@types/node/-/node-18.11.9.tgz",
      "integrity": "sha512-CRpX21/kGdzjOpFsZSkcrXMGIBWMGNIHXXBVFSH+ggkftxg+XYP20TESbh+zFvFj3EQOl5byk0HTRn1IL6hbqg==",
      "dev": true
    },
    "@vercel/ncc": {
      "version": "0.34.0",
      "resolved": "https://registry.npmjs.org/@vercel/ncc/-/ncc-0.34.0.tgz",
      "integrity": "sha512-G9h5ZLBJ/V57Ou9vz5hI8pda/YQX5HQszCs3AmIus3XzsmRn/0Ptic5otD3xVST8QLKk7AMk7AqpsyQGN7MZ9A==",
      "dev": true
    },
    "lodash": {
      "version": "4.17.21",
      "resolved": "https://registry.npmjs.org/lodash/-/lodash-4.17.21.tgz",
      "integrity": "sha512-v2kDEe57lecTulaDIuNTPy3Ry4gLGJ6Z1O3vE1krgXZNrsQ+LFTGHVxVjcXPs17LhbZVGedAJv8XZ1tvj5FvSg=="
    },
    "typescript": {
      "version": "4.8.4",
      "resolved": "https://registry.npmjs.org/typescript/-/typescript-4.8.4.tgz",
      "integrity": "sha512-QCh+85mCy+h0IGff8r5XWzOVSbBO+KfeYrMQh7NJ58QujwcE22u+NUSmUxqF+un70P9GXKxa2HCNiTTMJknyjQ=="
    }
  }
}
